
Microsoft Visual Studio Solution File, Format Version 12.00
# Visual Studio Version 16
VisualStudioVersion = 16.0.33027.164
MinimumVisualStudioVersion = 10.0.40219.1
Project("{FAE04EC0-301F-11D3-BF4B-00C04F79EFBC}") = "DataBaseFirstDemo", "DataBaseFirstDemo.csproj", "{1F597E0C-D5F5-4717-BDCA-E4CA06D6B2B8}"
EndProject
Global
	GlobalSection(SolutionConfigurationPlatforms) = preSolution
		Debug|Any CPU = Debug|Any CPU
		Release|Any CPU = Release|Any CPU
	EndGlobalSection
	GlobalSection(ProjectConfigurationPlatforms) = postSolution
		{1F597E0C-D5F5-4717-BDCA-E4CA06D6B2B8}.Debug|Any CPU.ActiveCfg = Debug|Any CPU
		{1F597E0C-D5F5-4717-BDCA-E4CA06D6B2B8}.Debug|Any CPU.Build.0 = Debug|Any CPU
		{1F597E0C-D5F5-4717-BDCA-E4CA06D6B2B8}.Release|Any CPU.ActiveCfg = Release|Any CPU
		{1F597E0C-D5F5-4717-BDCA-E4CA06D6B2B8}.Release|Any CPU.Build.0 = Release|Any CPU
	EndGlobalSection
	GlobalSection(SolutionProperties) = preSolution
		HideSolutionNode = FALSE
	EndGlobalSection
	GlobalSection(ExtensibilityGlobals) = postSolution
		SolutionGuid = {1C522844-5CE9-4E85-970E-ABDE27A1F8FF}
	EndGlobalSection
EndGlobal
